
Microsoft Visual Studio Solution File, Format Version 12.00
# Visual Studio Version 17
VisualStudioVersion = 17.6.33723.286
MinimumVisualStudioVersion = 10.0.40219.1
Project("{FAE04EC0-301F-11D3-BF4B-00C04F79EFBC}") = "POOSIAP2", "POOSIAP2\POOSIAP2.csproj", "{AB3BFA82-B435-490D-9D6E-508FEE969A7D}"
EndProject
Global
	GlobalSection(SolutionConfigurationPlatforms) = preSolution
		Debug|Any CPU = Debug|Any CPU
		Release|Any CPU = Release|Any CPU
	EndGlobalSection
	GlobalSection(ProjectConfigurationPlatforms) = postSolution
		{AB3BFA82-B435-490D-9D6E-508FEE969A7D}.Debug|Any CPU.ActiveCfg = Debug|Any CPU
		{AB3BFA82-B435-490D-9D6E-508FEE969A7D}.Debug|Any CPU.Build.0 = Debug|Any CPU
		{AB3BFA82-B435-490D-9D6E-508FEE969A7D}.Release|Any CPU.ActiveCfg = Release|Any CPU
		{AB3BFA82-B435-490D-9D6E-508FEE969A7D}.Release|Any CPU.Build.0 = Release|Any CPU
	EndGlobalSection
	GlobalSection(SolutionProperties) = preSolution
		HideSolutionNode = FALSE
	EndGlobalSection
	GlobalSection(ExtensibilityGlobals) = postSolution
		SolutionGuid = {0544EB1F-3A00-4224-9828-B7ECD84A6AA5}
	EndGlobalSection
EndGlobal
